// !$*UTF8*$!
{
	archiveVersion = 1;
	classes = {
	};
	objectVersion = 50;
	objects = {

/* Begin PBXBuildFile section */
		0219ED30279B229F006C0B0C /* HomeScreenVC.swift in Sources */ = {isa = PBXBuildFile; fileRef = 0219ED2F279B229F006C0B0C /* HomeScreenVC.swift */; };
		0219ED39279C177D006C0B0C /* HomeScreenLayout.swift in Sources */ = {isa = PBXBuildFile; fileRef = 0219ED38279C177D006C0B0C /* HomeScreenLayout.swift */; };
		022FDBED279F0E740090B89E /* LocationManager.swift in Sources */ = {isa = PBXBuildFile; fileRef = 022FDBEC279F0E740090B89E /* LocationManager.swift */; };
		022FDFAE27A9A2720094AFCE /* DetailWeatherViewController.swift in Sources */ = {isa = PBXBuildFile; fileRef = 022FDFAD27A9A2720094AFCE /* DetailWeatherViewController.swift */; };
		0269E56E278C98D000E56295 /* AppDelegate.swift in Sources */ = {isa = PBXBuildFile; fileRef = 0269E56D278C98D000E56295 /* AppDelegate.swift */; };
		0269E570278C98D000E56295 /* SceneDelegate.swift in Sources */ = {isa = PBXBuildFile; fileRef = 0269E56F278C98D000E56295 /* SceneDelegate.swift */; };
		0269E572278C98D000E56295 /* CitiesWeathersListVC.swift in Sources */ = {isa = PBXBuildFile; fileRef = 0269E571278C98D000E56295 /* CitiesWeathersListVC.swift */; };
		0269E577278C98D400E56295 /* Assets.xcassets in Resources */ = {isa = PBXBuildFile; fileRef = 0269E576278C98D400E56295 /* Assets.xcassets */; };
		0269E57A278C98D400E56295 /* LaunchScreen.storyboard in Resources */ = {isa = PBXBuildFile; fileRef = 0269E578278C98D400E56295 /* LaunchScreen.storyboard */; };
		02975116279C221C000938F2 /* CitiesWeathersListVC + Layout.swift in Sources */ = {isa = PBXBuildFile; fileRef = 02975115279C221C000938F2 /* CitiesWeathersListVC + Layout.swift */; };
		02975119279C26F0000938F2 /* NetworkController.swift in Sources */ = {isa = PBXBuildFile; fileRef = 02975118279C26F0000938F2 /* NetworkController.swift */; };
		02AA350927995E94009D5CE3 /* WeatherModel.swift in Sources */ = {isa = PBXBuildFile; fileRef = 02AA350827995E94009D5CE3 /* WeatherModel.swift */; };
		02AA350D27995EFA009D5CE3 /* WeatherCell.swift in Sources */ = {isa = PBXBuildFile; fileRef = 02AA350C27995EFA009D5CE3 /* WeatherCell.swift */; };
/* End PBXBuildFile section */

/* Begin PBXFileReference section */
		0219ED2F279B229F006C0B0C /* HomeScreenVC.swift */ = {isa = PBXFileReference; lastKnownFileType = sourcecode.swift; path = HomeScreenVC.swift; sourceTree = "<group>"; };
		0219ED38279C177D006C0B0C /* HomeScreenLayout.swift */ = {isa = PBXFileReference; lastKnownFileType = sourcecode.swift; path = HomeScreenLayout.swift; sourceTree = "<group>"; };
		022FDBEC279F0E740090B89E /* LocationManager.swift */ = {isa = PBXFileReference; lastKnownFileType = sourcecode.swift; path = LocationManager.swift; sourceTree = "<group>"; };
		022FDFAD27A9A2720094AFCE /* DetailWeatherViewController.swift */ = {isa = PBXFileReference; lastKnownFileType = sourcecode.swift; path = DetailWeatherViewController.swift; sourceTree = "<group>"; };
		0269E56A278C98D000E56295 /* TodayWeather.app */ = {isa = PBXFileReference; explicitFileType = wrapper.application; includeInIndex = 0; path = TodayWeather.app; sourceTree = BUILT_PRODUCTS_DIR; };
		0269E56D278C98D000E56295 /* AppDelegate.swift */ = {isa = PBXFileReference; lastKnownFileType = sourcecode.swift; path = AppDelegate.swift; sourceTree = "<group>"; };
		0269E56F278C98D000E56295 /* SceneDelegate.swift */ = {isa = PBXFileReference; lastKnownFileType = sourcecode.swift; path = SceneDelegate.swift; sourceTree = "<group>"; };
		0269E571278C98D000E56295 /* CitiesWeathersListVC.swift */ = {isa = PBXFileReference; lastKnownFileType = sourcecode.swift; path = CitiesWeathersListVC.swift; sourceTree = "<group>"; };
		0269E576278C98D400E56295 /* Assets.xcassets */ = {isa = PBXFileReference; lastKnownFileType = folder.assetcatalog; path = Assets.xcassets; sourceTree = "<group>"; };
		0269E579278C98D400E56295 /* Base */ = {isa = PBXFileReference; lastKnownFileType = file.storyboard; name = Base; path = Base.lproj/LaunchScreen.storyboard; sourceTree = "<group>"; };
		0269E57B278C98D400E56295 /* Info.plist */ = {isa = PBXFileReference; lastKnownFileType = text.plist.xml; path = Info.plist; sourceTree = "<group>"; };
		02975115279C221C000938F2 /* CitiesWeathersListVC + Layout.swift */ = {isa = PBXFileReference; lastKnownFileType = sourcecode.swift; path = "CitiesWeathersListVC + Layout.swift"; sourceTree = "<group>"; };
		02975118279C26F0000938F2 /* NetworkController.swift */ = {isa = PBXFileReference; lastKnownFileType = sourcecode.swift; path = NetworkController.swift; sourceTree = "<group>"; };
		02AA350827995E94009D5CE3 /* WeatherModel.swift */ = {isa = PBXFileReference; lastKnownFileType = sourcecode.swift; path = WeatherModel.swift; sourceTree = "<group>"; };
		02AA350C27995EFA009D5CE3 /* WeatherCell.swift */ = {isa = PBXFileReference; lastKnownFileType = sourcecode.swift; path = WeatherCell.swift; sourceTree = "<group>"; };
/* End PBXFileReference section */

/* Begin PBXFrameworksBuildPhase section */
		0269E567278C98D000E56295 /* Frameworks */ = {
			isa = PBXFrameworksBuildPhase;
			buildActionMask = 2147483647;
			files = (
			);
			runOnlyForDeploymentPostprocessing = 0;
		};
/* End PBXFrameworksBuildPhase section */

/* Begin PBXGroup section */
		0219ED36279C174F006C0B0C /* Extensions */ = {
			isa = PBXGroup;
			children = (
				02975114279C21D6000938F2 /* CitiesWeathersListVC */,
				0219ED37279C1761006C0B0C /* HomeScreenVC */,
			);
			path = Extensions;
			sourceTree = "<group>";
		};
		0219ED37279C1761006C0B0C /* HomeScreenVC */ = {
			isa = PBXGroup;
			children = (
				0219ED38279C177D006C0B0C /* HomeScreenLayout.swift */,
			);
			path = HomeScreenVC;
			sourceTree = "<group>";
		};
		0219ED3C279C185C006C0B0C /* Cell */ = {
			isa = PBXGroup;
			children = (
				02AA350C27995EFA009D5CE3 /* WeatherCell.swift */,
			);
			path = Cell;
			sourceTree = "<group>";
		};
		021A279027A7CF8C00EF4F48 /* Controllers */ = {
			isa = PBXGroup;
			children = (
				0269E571278C98D000E56295 /* CitiesWeathersListVC.swift */,
				02975118279C26F0000938F2 /* NetworkController.swift */,
				0219ED2F279B229F006C0B0C /* HomeScreenVC.swift */,
				022FDFAD27A9A2720094AFCE /* DetailWeatherViewController.swift */,
			);
			path = Controllers;
			sourceTree = "<group>";
		};
		021A279127A7D00100EF4F48 /* Managers */ = {
			isa = PBXGroup;
			children = (
				022FDBEC279F0E740090B89E /* LocationManager.swift */,
			);
			path = Managers;
			sourceTree = "<group>";
		};
		0269E561278C98D000E56295 = {
			isa = PBXGroup;
			children = (
				0269E56C278C98D000E56295 /* TodayWeather */,
				0269E56B278C98D000E56295 /* Products */,
			);
			sourceTree = "<group>";
		};
		0269E56B278C98D000E56295 /* Products */ = {
			isa = PBXGroup;
			children = (
				0269E56A278C98D000E56295 /* TodayWeather.app */,
			);
			name = Products;
			sourceTree = "<group>";
		};
		0269E56C278C98D000E56295 /* TodayWeather */ = {
			isa = PBXGroup;
			children = (
				0269E56D278C98D000E56295 /* AppDelegate.swift */,
				0269E56F278C98D000E56295 /* SceneDelegate.swift */,
				021A279027A7CF8C00EF4F48 /* Controllers */,
				02AA350727995E86009D5CE3 /* Model */,
				0219ED36279C174F006C0B0C /* Extensions */,
				0269E576278C98D400E56295 /* Assets.xcassets */,
				0269E578278C98D400E56295 /* LaunchScreen.storyboard */,
				0269E57B278C98D400E56295 /* Info.plist */,
				0219ED3C279C185C006C0B0C /* Cell */,
				021A279127A7D00100EF4F48 /* Managers */,
			);
			path = TodayWeather;
			sourceTree = "<group>";
		};
		02975114279C21D6000938F2 /* CitiesWeathersListVC */ = {
			isa = PBXGroup;
			children = (
				02975115279C221C000938F2 /* CitiesWeathersListVC + Layout.swift */,
			);
			path = CitiesWeathersListVC;
			sourceTree = "<group>";
		};
		02AA350727995E86009D5CE3 /* Model */ = {
			isa = PBXGroup;
			children = (
				02AA350827995E94009D5CE3 /* WeatherModel.swift */,
			);
			path = Model;
			sourceTree = "<group>";
		};
/* End PBXGroup section */

/* Begin PBXNativeTarget section */
		0269E569278C98D000E56295 /* TodayWeather */ = {
			isa = PBXNativeTarget;
			buildConfigurationList = 0269E57E278C98D400E56295 /* Build configuration list for PBXNativeTarget "TodayWeather" */;
			buildPhases = (
				0269E566278C98D000E56295 /* Sources */,
				0269E567278C98D000E56295 /* Frameworks */,
				0269E568278C98D000E56295 /* Resources */,
			);
			buildRules = (
			);
			dependencies = (
			);
			name = TodayWeather;
			productName = TodayNews;
			productReference = 0269E56A278C98D000E56295 /* TodayWeather.app */;
			productType = "com.apple.product-type.application";
		};
/* End PBXNativeTarget section */

/* Begin PBXProject section */
		0269E562278C98D000E56295 /* Project object */ = {
			isa = PBXProject;
			attributes = {
				LastSwiftUpdateCheck = 1240;
				LastUpgradeCheck = 1240;
				TargetAttributes = {
					0269E569278C98D000E56295 = {
						CreatedOnToolsVersion = 12.4;
					};
				};
			};
			buildConfigurationList = 0269E565278C98D000E56295 /* Build configuration list for PBXProject "TodayWeather" */;
			compatibilityVersion = "Xcode 9.3";
			developmentRegion = en;
			hasScannedForEncodings = 0;
			knownRegions = (
				en,
				Base,
			);
			mainGroup = 0269E561278C98D000E56295;
			productRefGroup = 0269E56B278C98D000E56295 /* Products */;
			projectDirPath = "";
			projectRoot = "";
			targets = (
				0269E569278C98D000E56295 /* TodayWeather */,
			);
		};
/* End PBXProject section */

/* Begin PBXResourcesBuildPhase section */
		0269E568278C98D000E56295 /* Resources */ = {
			isa = PBXResourcesBuildPhase;
			buildActionMask = 2147483647;
			files = (
				0269E57A278C98D400E56295 /* LaunchScreen.storyboard in Resources */,
				0269E577278C98D400E56295 /* Assets.xcassets in Resources */,
			);
			runOnlyForDeploymentPostprocessing = 0;
		};
/* End PBXResourcesBuildPhase section */

/* Begin PBXSourcesBuildPhase section */
		0269E566278C98D000E56295 /* Sources */ = {
			isa = PBXSourcesBuildPhase;
			buildActionMask = 2147483647;
			files = (
				02975116279C221C000938F2 /* CitiesWeathersListVC + Layout.swift in Sources */,
				0219ED39279C177D006C0B0C /* HomeScreenLayout.swift in Sources */,
				022FDBED279F0E740090B89E /* LocationManager.swift in Sources */,
				0269E572278C98D000E56295 /* CitiesWeathersListVC.swift in Sources */,
				0219ED30279B229F006C0B0C /* HomeScreenVC.swift in Sources */,
				0269E56E278C98D000E56295 /* AppDelegate.swift in Sources */,
				0269E570278C98D000E56295 /* SceneDelegate.swift in Sources */,
				02AA350D27995EFA009D5CE3 /* WeatherCell.swift in Sources */,
				02AA350927995E94009D5CE3 /* WeatherModel.swift in Sources */,
				022FDFAE27A9A2720094AFCE /* DetailWeatherViewController.swift in Sources */,
				02975119279C26F0000938F2 /* NetworkController.swift in Sources */,
			);
			runOnlyForDeploymentPostprocessing = 0;
		};
/* End PBXSourcesBuildPhase section */

/* Begin PBXVariantGroup section */
		0269E578278C98D400E56295 /* LaunchScreen.storyboard */ = {
			isa = PBXVariantGroup;
			children = (
				0269E579278C98D400E56295 /* Base */,
			);
			name = LaunchScreen.storyboard;
			sourceTree = "<group>";
		};
/* End PBXVariantGroup section */

/* Begin XCBuildConfiguration section */
		0269E57C278C98D400E56295 /* Debug */ = {
			isa = XCBuildConfiguration;
			buildSettings = {
				ALWAYS_SEARCH_USER_PATHS = NO;
				CLANG_ANALYZER_NONNULL = YES;
				CLANG_ANALYZER_NUMBER_OBJECT_CONVERSION = YES_AGGRESSIVE;
				CLANG_CXX_LANGUAGE_STANDARD = "gnu++14";
				CLANG_CXX_LIBRARY = "libc++";
				CLANG_ENABLE_MODULES = YES;
				CLANG_ENABLE_OBJC_ARC = YES;
				CLANG_ENABLE_OBJC_WEAK = YES;
				CLANG_WARN_BLOCK_CAPTURE_AUTORELEASING = YES;
				CLANG_WARN_BOOL_CONVERSION = YES;
				CLANG_WARN_COMMA = YES;
				CLANG_WARN_CONSTANT_CONVERSION = YES;
				CLANG_WARN_DEPRECATED_OBJC_IMPLEMENTATIONS = YES;
				CLANG_WARN_DIRECT_OBJC_ISA_USAGE = YES_ERROR;
				CLANG_WARN_DOCUMENTATION_COMMENTS = YES;
				CLANG_WARN_EMPTY_BODY = YES;
				CLANG_WARN_ENUM_CONVERSION = YES;
				CLANG_WARN_INFINITE_RECURSION = YES;
				CLANG_WARN_INT_CONVERSION = YES;
				CLANG_WARN_NON_LITERAL_NULL_CONVERSION = YES;
				CLANG_WARN_OBJC_IMPLICIT_RETAIN_SELF = YES;
				CLANG_WARN_OBJC_LITERAL_CONVERSION = YES;
				CLANG_WARN_OBJC_ROOT_CLASS = YES_ERROR;
				CLANG_WARN_QUOTED_INCLUDE_IN_FRAMEWORK_HEADER = YES;
				CLANG_WARN_RANGE_LOOP_ANALYSIS = YES;
				CLANG_WARN_STRICT_PROTOTYPES = YES;
				CLANG_WARN_SUSPICIOUS_MOVE = YES;
				CLANG_WARN_UNGUARDED_AVAILABILITY = YES_AGGRESSIVE;
				CLANG_WARN_UNREACHABLE_CODE = YES;
				CLANG_WARN__DUPLICATE_METHOD_MATCH = YES;
				COPY_PHASE_STRIP = NO;
				DEBUG_INFORMATION_FORMAT = dwarf;
				ENABLE_STRICT_OBJC_MSGSEND = YES;
				ENABLE_TESTABILITY = YES;
				GCC_C_LANGUAGE_STANDARD = gnu11;
				GCC_DYNAMIC_NO_PIC = NO;
				GCC_NO_COMMON_BLOCKS = YES;
				GCC_OPTIMIZATION_LEVEL = 0;
				GCC_PREPROCESSOR_DEFINITIONS = (
					"DEBUG=1",
					"$(inherited)",
				);
				GCC_WARN_64_TO_32_BIT_CONVERSION = YES;
				GCC_WARN_ABOUT_RETURN_TYPE = YES_ERROR;
				GCC_WARN_UNDECLARED_SELECTOR = YES;
				GCC_WARN_UNINITIALIZED_AUTOS = YES_AGGRESSIVE;
				GCC_WARN_UNUSED_FUNCTION = YES;
				GCC_WARN_UNUSED_VARIABLE = YES;
				IPHONEOS_DEPLOYMENT_TARGET = 14.4;
				MTL_ENABLE_DEBUG_INFO = INCLUDE_SOURCE;
				MTL_FAST_MATH = YES;
				ONLY_ACTIVE_ARCH = YES;
				SDKROOT = iphoneos;
				SWIFT_ACTIVE_COMPILATION_CONDITIONS = DEBUG;
				SWIFT_OPTIMIZATION_LEVEL = "-Onone";
			};
			name = Debug;
		};
		0269E57D278C98D400E56295 /* Release */ = {
			isa = XCBuildConfiguration;
			buildSettings = {
				ALWAYS_SEARCH_USER_PATHS = NO;
				CLANG_ANALYZER_NONNULL = YES;
				CLANG_ANALYZER_NUMBER_OBJECT_CONVERSION = YES_AGGRESSIVE;
				CLANG_CXX_LANGUAGE_STANDARD = "gnu++14";
				CLANG_CXX_LIBRARY = "libc++";
				CLANG_ENABLE_MODULES = YES;
				CLANG_ENABLE_OBJC_ARC = YES;
				CLANG_ENABLE_OBJC_WEAK = YES;
				CLANG_WARN_BLOCK_CAPTURE_AUTORELEASING = YES;
				CLANG_WARN_BOOL_CONVERSION = YES;
				CLANG_WARN_COMMA = YES;
				CLANG_WARN_CONSTANT_CONVERSION = YES;
				CLANG_WARN_DEPRECATED_OBJC_IMPLEMENTATIONS = YES;
				CLANG_WARN_DIRECT_OBJC_ISA_USAGE = YES_ERROR;
				CLANG_WARN_DOCUMENTATION_COMMENTS = YES;
				CLANG_WARN_EMPTY_BODY = YES;
				CLANG_WARN_ENUM_CONVERSION = YES;
				CLANG_WARN_INFINITE_RECURSION = YES;
				CLANG_WARN_INT_CONVERSION = YES;
				CLANG_WARN_NON_LITERAL_NULL_CONVERSION = YES;
				CLANG_WARN_OBJC_IMPLICIT_RETAIN_SELF = YES;
				CLANG_WARN_OBJC_LITERAL_CONVERSION = YES;
				CLANG_WARN_OBJC_ROOT_CLASS = YES_ERROR;
				CLANG_WARN_QUOTED_INCLUDE_IN_FRAMEWORK_HEADER = YES;
				CLANG_WARN_RANGE_LOOP_ANALYSIS = YES;
				CLANG_WARN_STRICT_PROTOTYPES = YES;
				CLANG_WARN_SUSPICIOUS_MOVE = YES;
				CLANG_WARN_UNGUARDED_AVAILABILITY = YES_AGGRESSIVE;
				CLANG_WARN_UNREACHABLE_CODE = YES;
				CLANG_WARN__DUPLICATE_METHOD_MATCH = YES;
				COPY_PHASE_STRIP = NO;
				DEBUG_INFORMATION_FORMAT = "dwarf-with-dsym";
				ENABLE_NS_ASSERTIONS = NO;
				ENABLE_STRICT_OBJC_MSGSEND = YES;
				GCC_C_LANGUAGE_STANDARD = gnu11;
				GCC_NO_COMMON_BLOCKS = YES;
				GCC_WARN_64_TO_32_BIT_CONVERSION = YES;
				GCC_WARN_ABOUT_RETURN_TYPE = YES_ERROR;
				GCC_WARN_UNDECLARED_SELECTOR = YES;
				GCC_WARN_UNINITIALIZED_AUTOS = YES_AGGRESSIVE;
				GCC_WARN_UNUSED_FUNCTION = YES;
				GCC_WARN_UNUSED_VARIABLE = YES;
				IPHONEOS_DEPLOYMENT_TARGET = 14.4;
				MTL_ENABLE_DEBUG_INFO = NO;
				MTL_FAST_MATH = YES;
				SDKROOT = iphoneos;
				SWIFT_COMPILATION_MODE = wholemodule;
				SWIFT_OPTIMIZATION_LEVEL = "-O";
				VALIDATE_PRODUCT = YES;
			};
			name = Release;
		};
		0269E57F278C98D400E56295 /* Debug */ = {
			isa = XCBuildConfiguration;
			buildSettings = {
				ASSETCATALOG_COMPILER_APPICON_NAME = AppIcon;
				ASSETCATALOG_COMPILER_GLOBAL_ACCENT_COLOR_NAME = AccentColor;
				CODE_SIGN_STYLE = Automatic;
				INFOPLIST_FILE = "$(SRCROOT)/TodayWeather/Info.plist";
				LD_RUNPATH_SEARCH_PATHS = (
					"$(inherited)",
					"@executable_path/Frameworks",
				);
				PRODUCT_BUNDLE_IDENTIFIER = com.TodayWeather;
				PRODUCT_NAME = "$(TARGET_NAME)";
				SWIFT_VERSION = 5.0;
				TARGETED_DEVICE_FAMILY = "1,2";
			};
			name = Debug;
		};
		0269E580278C98D400E56295 /* Release */ = {
			isa = XCBuildConfiguration;
			buildSettings = {
				ASSETCATALOG_COMPILER_APPICON_NAME = AppIcon;
				ASSETCATALOG_COMPILER_GLOBAL_ACCENT_COLOR_NAME = AccentColor;
				CODE_SIGN_STYLE = Automatic;
				INFOPLIST_FILE = "$(SRCROOT)/TodayWeather/Info.plist";
				LD_RUNPATH_SEARCH_PATHS = (
					"$(inherited)",
					"@executable_path/Frameworks",
				);
				PRODUCT_BUNDLE_IDENTIFIER = com.TodayWeather;
				PRODUCT_NAME = "$(TARGET_NAME)";
				SWIFT_VERSION = 5.0;
				TARGETED_DEVICE_FAMILY = "1,2";
			};
			name = Release;
		};
/* End XCBuildConfiguration section */

/* Begin XCConfigurationList section */
		0269E565278C98D000E56295 /* Build configuration list for PBXProject "TodayWeather" */ = {
			isa = XCConfigurationList;
			buildConfigurations = (
				0269E57C278C98D400E56295 /* Debug */,
				0269E57D278C98D400E56295 /* Release */,
			);
			defaultConfigurationIsVisible = 0;
			defaultConfigurationName = Release;
		};
		0269E57E278C98D400E56295 /* Build configuration list for PBXNativeTarget "TodayWeather" */ = {
			isa = XCConfigurationList;
			buildConfigurations = (
				0269E57F278C98D400E56295 /* Debug */,
				0269E580278C98D400E56295 /* Release */,
			);
			defaultConfigurationIsVisible = 0;
			defaultConfigurationName = Release;
		};
/* End XCConfigurationList section */
	};
	rootObject = 0269E562278C98D000E56295 /* Project object */;
}
